
Microsoft Visual Studio Solution File, Format Version 12.00
# Visual Studio Version 17
VisualStudioVersion = 17.12.35521.163 d17.12
MinimumVisualStudioVersion = 10.0.40219.1
Project("{FAE04EC0-301F-11D3-BF4B-00C04F79EFBC}") = "VirtualCamProxy", "VirtualCamProxy\VirtualCamProxy.csproj", "{0B4FA569-A64C-4FF4-B122-32EB3D0EAC96}"
EndProject
Project("{FAE04EC0-301F-11D3-BF4B-00C04F79EFBC}") = "CameraLib", "CameraLib\CameraLib.csproj", "{32588E48-6607-46A4-B228-44AE3668F112}"
EndProject
Project("{FAE04EC0-301F-11D3-BF4B-00C04F79EFBC}") = "VirtualCamera", "VirtualCamera\VirtualCamera.csproj", "{B1C82807-8EE9-445C-B9AB-69EC08590381}"
EndProject
Global
	GlobalSection(SolutionConfigurationPlatforms) = preSolution
		Debug|Any CPU = Debug|Any CPU
		Release|Any CPU = Release|Any CPU
	EndGlobalSection
	GlobalSection(ProjectConfigurationPlatforms) = postSolution
		{0B4FA569-A64C-4FF4-B122-32EB3D0EAC96}.Debug|Any CPU.ActiveCfg = Debug|Any CPU
		{0B4FA569-A64C-4FF4-B122-32EB3D0EAC96}.Debug|Any CPU.Build.0 = Debug|Any CPU
		{0B4FA569-A64C-4FF4-B122-32EB3D0EAC96}.Release|Any CPU.ActiveCfg = Release|Any CPU
		{0B4FA569-A64C-4FF4-B122-32EB3D0EAC96}.Release|Any CPU.Build.0 = Release|Any CPU
		{32588E48-6607-46A4-B228-44AE3668F112}.Debug|Any CPU.ActiveCfg = Debug|Any CPU
		{32588E48-6607-46A4-B228-44AE3668F112}.Debug|Any CPU.Build.0 = Debug|Any CPU
		{32588E48-6607-46A4-B228-44AE3668F112}.Release|Any CPU.ActiveCfg = Release|Any CPU
		{32588E48-6607-46A4-B228-44AE3668F112}.Release|Any CPU.Build.0 = Release|Any CPU
		{B1C82807-8EE9-445C-B9AB-69EC08590381}.Debug|Any CPU.ActiveCfg = Debug|Any CPU
		{B1C82807-8EE9-445C-B9AB-69EC08590381}.Debug|Any CPU.Build.0 = Debug|Any CPU
		{B1C82807-8EE9-445C-B9AB-69EC08590381}.Release|Any CPU.ActiveCfg = Release|Any CPU
		{B1C82807-8EE9-445C-B9AB-69EC08590381}.Release|Any CPU.Build.0 = Release|Any CPU
	EndGlobalSection
	GlobalSection(SolutionProperties) = preSolution
		HideSolutionNode = FALSE
	EndGlobalSection
EndGlobal
